<?xml version="1.0" encoding="utf-8"?>
<Project ToolsVersion="4.0" xmlns="http://schemas.microsoft.com/developer/msbuild/2003">
  <ItemGroup>
    <ClCompile Include="AssemblyInfo.cpp" />
    <ClCompile Include="CalendarForm.cpp" />
    <ClCompile Include="CheckClientForm.cpp" />
    <ClCompile Include="ClientForm.cpp" />
    <ClCompile Include="CourseChangeForm.cpp" />
    <ClCompile Include="CourseForm.cpp" />
    <ClCompile Include="CRUDClientsForm.cpp" />
    <ClCompile Include="EditClientForm.cpp" />
    <ClCompile Include="EventForm.cpp" />
    <ClCompile Include="FindFriendsForm.cpp" />
    <ClCompile Include="FindPlaceForm.cpp" />
    <ClCompile Include="LoginForm.cpp" />
    <ClCompile Include="MainForm.cpp" />
    <ClCompile Include="pch.cpp" />
    <ClCompile Include="PlaceForm.cpp" />
    <ClCompile Include="PLACE_Form.cpp" />
    <ClCompile Include="ReportClientForm.cpp" />
    <ClCompile Include="ReportForm.cpp" />
    <ClCompile Include="ScheduleForm.cpp" />
    <ClCompile Include="TinkerdinView.cpp" />
    <ClCompile Include="PlaceGraphicsForm.cpp" />
  </ItemGroup>
  <ItemGroup>
    <ClInclude Include="CalendarForm.h" />
    <ClInclude Include="CheckClientForm.h" />
    <ClInclude Include="ClientForm.h" />
    <ClInclude Include="CourseChangeForm.h" />
    <ClInclude Include="CourseForm.h" />
    <ClInclude Include="CRUDClientsForm.h" />
    <ClInclude Include="EditClientForm.h" />
    <ClInclude Include="EventForm.h" />
    <ClInclude Include="FindFriendsForm.h" />
    <ClInclude Include="FindPlaceForm.h" />
    <ClInclude Include="LoginForm.h" />
    <ClInclude Include="MainForm.h" />
    <ClInclude Include="pch.h" />
    <ClInclude Include="PlaceForm.h" />
    <ClInclude Include="PLACE_Form.h" />
    <ClInclude Include="ReportClientForm.h" />
    <ClInclude Include="ReportForm.h" />
    <ClInclude Include="Resource.h" />
    <ClInclude Include="ScheduleForm.h" />
    <ClInclude Include="PlaceGraphicsForm.h" />
  </ItemGroup>
  <ItemGroup>
    <ClInclude Include="Resource.h">
      <Filter>Archivos de encabezado</Filter>
    </ClInclude>
    <ClInclude Include="pch.h">
      <Filter>Archivos de encabezado</Filter>
    </ClInclude>
    <ClInclude Include="MainForm.h">
      <Filter>Archivos de encabezado</Filter>
    </ClInclude>
    <ClInclude Include="PlaceForm.h">
      <Filter>Archivos de encabezado</Filter>
    </ClInclude>
    <ClInclude Include="CourseForm.h">
      <Filter>Archivos de encabezado</Filter>
    </ClInclude>
    <ClInclude Include="CalendarForm.h">
      <Filter>Archivos de encabezado</Filter>
    </ClInclude>
    <ClInclude Include="LoginForm.h">
      <Filter>Archivos de encabezado</Filter>
    </ClInclude>
    <ClInclude Include="ClientForm.h">
      <Filter>Archivos de encabezado</Filter>
    </ClInclude>
    <ClInclude Include="EventForm.h">
      <Filter>Archivos de encabezado</Filter>
    </ClInclude>
    <ClInclude Include="EditClientForm.h">
      <Filter>Archivos de encabezado</Filter>
    </ClInclude>
    <ClInclude Include="CheckClientForm.h">
      <Filter>Archivos de encabezado</Filter>
    </ClInclude>
    <ClInclude Include="PLACE_Form.h">
      <Filter>Archivos de encabezado</Filter>
    </ClInclude>
    <ClInclude Include="ReportForm.h">
      <Filter>Archivos de encabezado</Filter>
    </ClInclude>
    <ClInclude Include="ScheduleForm.h">
      <Filter>Archivos de encabezado</Filter>
    </ClInclude>
    <ClInclude Include="CRUDClientsForm.h">
      <Filter>Archivos de encabezado</Filter>
    </ClInclude>
    <ClInclude Include="FindFriendsForm.h">
      <Filter>Archivos de encabezado</Filter>
    </ClInclude>
    <ClInclude Include="ReportClientForm.h">
      <Filter>Archivos de encabezado</Filter>
    </ClInclude>
    <ClInclude Include="CourseChangeForm.h">
      <Filter>Archivos de encabezado</Filter>
    </ClInclude>
    <ClInclude Include="FindPlaceForm.h">
      <Filter>Archivos de encabezado</Filter>
    </ClInclude>
    <ClInclude Include="FindFriendsForm.h">
      <Filter>Archivos de encabezado</Filter>
    </ClInclude>
    <ClInclude Include="ReportClientForm.h">
      <Filter>Archivos de encabezado</Filter>
    </ClInclude>
    <ClInclude Include="AdminMainForm.h">
      <Filter>Archivos de encabezado</Filter>
    </ClInclude>
    <ClInclude Include="TotalClientsForm.h">
      <Filter>Archivos de encabezado</Filter>
    </ClInclude>
  </ItemGroup>
  <ItemGroup>
    <ClCompile Include="TinkerdinView.cpp">
      <Filter>Archivos de origen</Filter>
    </ClCompile>
    <ClCompile Include="AssemblyInfo.cpp">
      <Filter>Archivos de origen</Filter>
    </ClCompile>
    <ClCompile Include="pch.cpp">
      <Filter>Archivos de origen</Filter>
    </ClCompile>
    <ClCompile Include="MainForm.cpp">
      <Filter>Archivos de origen</Filter>
    </ClCompile>
    <ClCompile Include="PlaceForm.cpp">
      <Filter>Archivos de origen</Filter>
    </ClCompile>
    <ClCompile Include="CalendarForm.cpp">
      <Filter>Archivos de origen</Filter>
    </ClCompile>
    <ClCompile Include="CourseForm.cpp">
      <Filter>Archivos de origen</Filter>
    </ClCompile>
    <ClCompile Include="LoginForm.cpp">
      <Filter>Archivos de origen</Filter>
    </ClCompile>
    <ClCompile Include="ClientForm.cpp">
      <Filter>Archivos de origen</Filter>
    </ClCompile>
    <ClCompile Include="EventForm.cpp">
      <Filter>Archivos de origen</Filter>
      <Filter>Archivos de origen</Filter>
    </ClCompile>
    <ClCompile Include="EditClientForm.cpp">
      <Filter>Archivos de origen</Filter>
    </ClCompile>
    <ClCompile Include="CheckClientForm.cpp">
      <Filter>Archivos de origen</Filter>
    </ClCompile>
    <ClCompile Include="PLACE_Form.cpp">
      <Filter>Archivos de origen</Filter>
    </ClCompile>
    <ClCompile Include="ReportForm.cpp">
      <Filter>Archivos de origen</Filter>
    </ClCompile>
    <ClCompile Include="ScheduleForm.cpp">
      <Filter>Archivos de origen</Filter>
    </ClCompile>
    <ClCompile Include="CRUDClientsForm.cpp">
      <Filter>Archivos de origen</Filter>
    </ClCompile>
    <ClCompile Include="FindFriendsForm.cpp">
      <Filter>Archivos de origen</Filter>
    </ClCompile>
    <ClCompile Include="ReportClientForm.cpp">
      <Filter>Archivos de origen</Filter>
    </ClCompile>
    <ClCompile Include="CourseChangeForm.cpp">
      <Filter>Archivos de origen</Filter>
    </ClCompile>
    <ClCompile Include="FindPlaceForm.cpp">
      <Filter>Archivos de origen</Filter>
    </ClCompile>
    <ClCompile Include="FindFriendsForm.cpp">
      <Filter>Archivos de origen</Filter>
    </ClCompile>
    <ClCompile Include="ReportClientForm.cpp">
      <Filter>Archivos de origen</Filter>
    </ClCompile>
    <ClCompile Include="AdminMainForm.cpp">
      <Filter>Archivos de origen</Filter>
    </ClCompile>
    <ClCompile Include="TotalClientsForm.cpp">
      <Filter>Archivos de origen</Filter>
    </ClCompile>
    <ResourceCompile Include="app.rc" />
  </ItemGroup>
  <ItemGroup>
    <Image Include="app.ico" />
  </ItemGroup>
</Project>